version = 1
revision = 3
requires-python = ">=3.12"

[[package]]
name = "protobug"
version = "1.0.0"
source = { registry = "https://pypi.org/simple" }
sdist = { url = "https://files.pythonhosted.org/packages/fd/f7/3174903b46402b4bd8a2cce57d7b363dedde93ebcdbaf63a5a630d22fe3c/protobug-1.0.0.tar.gz", hash = "sha256:d6ea277e83e1a468b1c75a928fbba97e0cb10743df5558e8f326170984364fbb", size = 12884, upload-time = "2026-04-06T22:49:19.39Z" }
wheels = [
    { url = "https://files.pythonhosted.org/packages/44/bb/02eccbae7de82571c9ca8ef0cca6d07dfd2cca2c1d7053cd0864f688af55/protobug-1.0.0-py3-none-any.whl", hash = "sha256:8b1b5cb3f4b2dd4fa0a6219ca770f687d0af32606d344ac7acedf00943f220c3", size = 10792, upload-time = "2026-04-06T22:49:17.986Z" },
]

[[package]]
name = "rire-recorder"
version = "0.1.0"
source = { virtual = "." }
dependencies = [
    { name = "yt-dlp" },
    { name = "yt-dlp-rajiko" },
]

[package.metadata]
requires-dist = [
    { name = "yt-dlp", specifier = ">=2025.2.19" },
    { name = "yt-dlp-rajiko", specifier = "==1.13" },
]

[[package]]
name = "yt-dlp"
version = "2026.7.4"
source = { registry = "https://pypi.org/simple" }
sdist = { url = "https://files.pythonhosted.org/packages/47/c5/9972af4b472b0d55badf841ebafd2f98944cb0ae0f46e11d01f363ea5b91/yt_dlp-2026.7.4.tar.gz", hash = "sha256:b094813404f87a9dd2186f00815231df32e5fd8a5403be0f807b3bb2d21a4432", size = 3049326, upload-time = "2026-07-04T22:42:14.837Z" }
wheels = [
    { url = "https://files.pythonhosted.org/packages/f9/8a/cd4c9b02c10c563adfe78118310129641900e1cd6de888cfae2452072696/yt_dlp-2026.7.4-py3-none-any.whl", hash = "sha256:f11f2b11d5a8ac4059f9bdf29fa4407dc7c6bb00c5097e95ca22a7a9db518266", size = 3184705, upload-time = "2026-07-04T22:42:12.989Z" },
]

[[package]]
name = "yt-dlp-rajiko"
version = "1.13"
source = { registry = "https://pypi.org/simple" }
dependencies = [
    { name = "protobug" },
]
sdist = { url = "https://files.pythonhosted.org/packages/c5/29/cb050b37d990bb8051790eaa283861e321252536438526329c6c1666aed9/yt_dlp_rajiko-1.13.tar.gz", hash = "sha256:2478a42091bce37ebd2b8925b97fcec6e156b6459b2a9306974c2a63e938b565", size = 45091, upload-time = "2026-08-18T23:36:58.468Z" }
wheels = [
    { url = "https://files.pythonhosted.org/packages/aa/a0/b10352430e7738d09f332610d3797e0f16461946f9f8a2c46d30f6e7843b/yt_dlp_rajiko-1.13-py3-none-any.whl", hash = "sha256:d8df5524d2e517ad8a9e1408db5ed8fdd9a5d7a6018fa970c93c67d9c0439261", size = 42720, upload-time = "2026-08-18T23:36:57.31Z" },
]
